
Microsoft Visual Studio Solution File, Format Version 12.00
# Visual Studio Version 17
VisualStudioVersion = 17.0.31919.166
MinimumVisualStudioVersion = 10.0.40219.1
Project("{FAE04EC0-301F-11D3-BF4B-00C04F79EFBC}") = "AgenciaDeViagens", "AgenciaDeViagens.csproj", "{B51E7C30-2A8D-416D-BA9D-63B8B1538189}"
EndProject
Global
	GlobalSection(SolutionConfigurationPlatforms) = preSolution
		Debug|Any CPU = Debug|Any CPU
		Release|Any CPU = Release|Any CPU
	EndGlobalSection
	GlobalSection(ProjectConfigurationPlatforms) = postSolution
		{B51E7C30-2A8D-416D-BA9D-63B8B1538189}.Debug|Any CPU.ActiveCfg = Debug|Any CPU
		{B51E7C30-2A8D-416D-BA9D-63B8B1538189}.Debug|Any CPU.Build.0 = Debug|Any CPU
		{B51E7C30-2A8D-416D-BA9D-63B8B1538189}.Release|Any CPU.ActiveCfg = Release|Any CPU
		{B51E7C30-2A8D-416D-BA9D-63B8B1538189}.Release|Any CPU.Build.0 = Release|Any CPU
	EndGlobalSection
	GlobalSection(SolutionProperties) = preSolution
		HideSolutionNode = FALSE
	EndGlobalSection
	GlobalSection(ExtensibilityGlobals) = postSolution
		SolutionGuid = {19D34CCC-5D53-42CB-A0FE-A34C2D22BD90}
	EndGlobalSection
EndGlobal
